// !$*UTF8*$!
{
	archiveVersion = 1;
	classes = {
	};
	objectVersion = 51;
	objects = {

/* Begin PBXBuildFile section */
		870BC36C26369FBB000CD52B /* AppDelegate.swift in Sources */ = {isa = PBXBuildFile; fileRef = 870BC36B26369FBB000CD52B /* AppDelegate.swift */; };
		870BC36E26369FBB000CD52B /* SceneDelegate.swift in Sources */ = {isa = PBXBuildFile; fileRef = 870BC36D26369FBB000CD52B /* SceneDelegate.swift */; };
		870BC37526369FBD000CD52B /* Assets.xcassets in Resources */ = {isa = PBXBuildFile; fileRef = 870BC37426369FBD000CD52B /* Assets.xcassets */; };
		870BC37826369FBD000CD52B /* LaunchScreen.storyboard in Resources */ = {isa = PBXBuildFile; fileRef = 870BC37626369FBD000CD52B /* LaunchScreen.storyboard */; };
		870BC3932636A17C000CD52B /* .swiftlint.yml in Resources */ = {isa = PBXBuildFile; fileRef = 870BC3922636A17C000CD52B /* .swiftlint.yml */; };
		87653F03263AE62300A3FFE4 /* Main.storyboard in Resources */ = {isa = PBXBuildFile; fileRef = 87653F02263AE62300A3FFE4 /* Main.storyboard */; };
		87653F05263AF05300A3FFE4 /* WeatherInfo.swift in Sources */ = {isa = PBXBuildFile; fileRef = 87653F04263AF05300A3FFE4 /* WeatherInfo.swift */; };
		87653F08263AFE0700A3FFE4 /* Extensions.swift in Sources */ = {isa = PBXBuildFile; fileRef = 87653F07263AFE0700A3FFE4 /* Extensions.swift */; };
		87653F0A263EE64B00A3FFE4 /* Secret.swift in Sources */ = {isa = PBXBuildFile; fileRef = 87653F09263EE64B00A3FFE4 /* Secret.swift */; };
		87CFA3862639223E00D438D4 /* MainViewController.swift in Sources */ = {isa = PBXBuildFile; fileRef = 87CFA3852639223E00D438D4 /* MainViewController.swift */; };
		87CFA38A2639281700D438D4 /* OpenWeatherData.swift in Sources */ = {isa = PBXBuildFile; fileRef = 87CFA3892639281700D438D4 /* OpenWeatherData.swift */; };
		87CFA38C26392C0000D438D4 /* OpenWeatherService.swift in Sources */ = {isa = PBXBuildFile; fileRef = 87CFA38B26392C0000D438D4 /* OpenWeatherService.swift */; };
		87CFA38E26394F8B00D438D4 /* MainViewModel.swift in Sources */ = {isa = PBXBuildFile; fileRef = 87CFA38D26394F8B00D438D4 /* MainViewModel.swift */; };
		FC02764D8C40D1FA309E3044 /* Pods_RxWeatherApp.framework in Frameworks */ = {isa = PBXBuildFile; fileRef = 59D3201029ED767D33FE0516 /* Pods_RxWeatherApp.framework */; };
/* End PBXBuildFile section */

/* Begin PBXFileReference section */
		59D3201029ED767D33FE0516 /* Pods_RxWeatherApp.framework */ = {isa = PBXFileReference; explicitFileType = wrapper.framework; includeInIndex = 0; path = Pods_RxWeatherApp.framework; sourceTree = BUILT_PRODUCTS_DIR; };
		870BC36826369FBB000CD52B /* RxWeatherApp.app */ = {isa = PBXFileReference; explicitFileType = wrapper.application; includeInIndex = 0; path = RxWeatherApp.app; sourceTree = BUILT_PRODUCTS_DIR; };
		870BC36B26369FBB000CD52B /* AppDelegate.swift */ = {isa = PBXFileReference; lastKnownFileType = sourcecode.swift; path = AppDelegate.swift; sourceTree = "<group>"; };
		870BC36D26369FBB000CD52B /* SceneDelegate.swift */ = {isa = PBXFileReference; lastKnownFileType = sourcecode.swift; path = SceneDelegate.swift; sourceTree = "<group>"; };
		870BC37426369FBD000CD52B /* Assets.xcassets */ = {isa = PBXFileReference; lastKnownFileType = folder.assetcatalog; path = Assets.xcassets; sourceTree = "<group>"; };
		870BC37726369FBD000CD52B /* Base */ = {isa = PBXFileReference; lastKnownFileType = file.storyboard; name = Base; path = Base.lproj/LaunchScreen.storyboard; sourceTree = "<group>"; };
		870BC37926369FBD000CD52B /* Info.plist */ = {isa = PBXFileReference; lastKnownFileType = text.plist.xml; path = Info.plist; sourceTree = "<group>"; };
		870BC3922636A17C000CD52B /* .swiftlint.yml */ = {isa = PBXFileReference; lastKnownFileType = text.yaml; path = .swiftlint.yml; sourceTree = "<group>"; };
		87653F02263AE62300A3FFE4 /* Main.storyboard */ = {isa = PBXFileReference; lastKnownFileType = file.storyboard; path = Main.storyboard; sourceTree = "<group>"; };
		87653F04263AF05300A3FFE4 /* WeatherInfo.swift */ = {isa = PBXFileReference; lastKnownFileType = sourcecode.swift; path = WeatherInfo.swift; sourceTree = "<group>"; };
		87653F07263AFE0700A3FFE4 /* Extensions.swift */ = {isa = PBXFileReference; lastKnownFileType = sourcecode.swift; path = Extensions.swift; sourceTree = "<group>"; };
		87653F09263EE64B00A3FFE4 /* Secret.swift */ = {isa = PBXFileReference; lastKnownFileType = sourcecode.swift; path = Secret.swift; sourceTree = "<group>"; };
		87CFA3852639223E00D438D4 /* MainViewController.swift */ = {isa = PBXFileReference; lastKnownFileType = sourcecode.swift; path = MainViewController.swift; sourceTree = "<group>"; };
		87CFA3892639281700D438D4 /* OpenWeatherData.swift */ = {isa = PBXFileReference; lastKnownFileType = sourcecode.swift; path = OpenWeatherData.swift; sourceTree = "<group>"; };
		87CFA38B26392C0000D438D4 /* OpenWeatherService.swift */ = {isa = PBXFileReference; lastKnownFileType = sourcecode.swift; path = OpenWeatherService.swift; sourceTree = "<group>"; };
		87CFA38D26394F8B00D438D4 /* MainViewModel.swift */ = {isa = PBXFileReference; lastKnownFileType = sourcecode.swift; path = MainViewModel.swift; sourceTree = "<group>"; };
		A49E3D4381408BBFA67F8C72 /* Pods-RxWeatherApp.release.xcconfig */ = {isa = PBXFileReference; includeInIndex = 1; lastKnownFileType = text.xcconfig; name = "Pods-RxWeatherApp.release.xcconfig"; path = "Target Support Files/Pods-RxWeatherApp/Pods-RxWeatherApp.release.xcconfig"; sourceTree = "<group>"; };
		F48447577EE9494243046870 /* Pods-RxWeatherApp.debug.xcconfig */ = {isa = PBXFileReference; includeInIndex = 1; lastKnownFileType = text.xcconfig; name = "Pods-RxWeatherApp.debug.xcconfig"; path = "Target Support Files/Pods-RxWeatherApp/Pods-RxWeatherApp.debug.xcconfig"; sourceTree = "<group>"; };
/* End PBXFileReference section */

/* Begin PBXFrameworksBuildPhase section */
		870BC36526369FBB000CD52B /* Frameworks */ = {
			isa = PBXFrameworksBuildPhase;
			buildActionMask = 2147483647;
			files = (
				FC02764D8C40D1FA309E3044 /* Pods_RxWeatherApp.framework in Frameworks */,
			);
			runOnlyForDeploymentPostprocessing = 0;
		};
/* End PBXFrameworksBuildPhase section */

/* Begin PBXGroup section */
		65375B5658AE0113E221CC93 /* Frameworks */ = {
			isa = PBXGroup;
			children = (
				59D3201029ED767D33FE0516 /* Pods_RxWeatherApp.framework */,
			);
			name = Frameworks;
			sourceTree = "<group>";
		};
		870BC35F26369FBB000CD52B = {
			isa = PBXGroup;
			children = (
				870BC3922636A17C000CD52B /* .swiftlint.yml */,
				870BC36A26369FBB000CD52B /* RxWeatherApp */,
				870BC36926369FBB000CD52B /* Products */,
				C4B06B005F0C10FC6864F05F /* Pods */,
				65375B5658AE0113E221CC93 /* Frameworks */,
			);
			sourceTree = "<group>";
		};
		870BC36926369FBB000CD52B /* Products */ = {
			isa = PBXGroup;
			children = (
				870BC36826369FBB000CD52B /* RxWeatherApp.app */,
			);
			name = Products;
			sourceTree = "<group>";
		};
		870BC36A26369FBB000CD52B /* RxWeatherApp */ = {
			isa = PBXGroup;
			children = (
				870BC36B26369FBB000CD52B /* AppDelegate.swift */,
				870BC36D26369FBB000CD52B /* SceneDelegate.swift */,
				870BC37426369FBD000CD52B /* Assets.xcassets */,
				870BC37926369FBD000CD52B /* Info.plist */,
				870BC3962636B624000CD52B /* Model */,
				870BC39C2636B745000CD52B /* Service */,
				870BC3992636B647000CD52B /* Storyboard */,
				870BC3982636B63B000CD52B /* Controller */,
				870BC3972636B62D000CD52B /* ViewModel */,
				87653F06263AFDB900A3FFE4 /* Utilities */,
			);
			path = RxWeatherApp;
			sourceTree = "<group>";
		};
		870BC3962636B624000CD52B /* Model */ = {
			isa = PBXGroup;
			children = (
				87CFA3892639281700D438D4 /* OpenWeatherData.swift */,
			);
			path = Model;
			sourceTree = "<group>";
		};
		870BC3972636B62D000CD52B /* ViewModel */ = {
			isa = PBXGroup;
			children = (
				87CFA38D26394F8B00D438D4 /* MainViewModel.swift */,
				87653F04263AF05300A3FFE4 /* WeatherInfo.swift */,
			);
			path = ViewModel;
			sourceTree = "<group>";
		};
		870BC3982636B63B000CD52B /* Controller */ = {
			isa = PBXGroup;
			children = (
				87CFA3852639223E00D438D4 /* MainViewController.swift */,
			);
			path = Controller;
			sourceTree = "<group>";
		};
		870BC3992636B647000CD52B /* Storyboard */ = {
			isa = PBXGroup;
			children = (
				870BC37626369FBD000CD52B /* LaunchScreen.storyboard */,
				87653F02263AE62300A3FFE4 /* Main.storyboard */,
			);
			path = Storyboard;
			sourceTree = "<group>";
		};
		870BC39C2636B745000CD52B /* Service */ = {
			isa = PBXGroup;
			children = (
				87CFA38B26392C0000D438D4 /* OpenWeatherService.swift */,
				87653F09263EE64B00A3FFE4 /* Secret.swift */,
			);
			path = Service;
			sourceTree = "<group>";
		};
		87653F06263AFDB900A3FFE4 /* Utilities */ = {
			isa = PBXGroup;
			children = (
				87653F07263AFE0700A3FFE4 /* Extensions.swift */,
			);
			path = Utilities;
			sourceTree = "<group>";
		};
		C4B06B005F0C10FC6864F05F /* Pods */ = {
			isa = PBXGroup;
			children = (
				F48447577EE9494243046870 /* Pods-RxWeatherApp.debug.xcconfig */,
				A49E3D4381408BBFA67F8C72 /* Pods-RxWeatherApp.release.xcconfig */,
			);
			path = Pods;
			sourceTree = "<group>";
		};
/* End PBXGroup section */

/* Begin PBXNativeTarget section */
		870BC36726369FBB000CD52B /* RxWeatherApp */ = {
			isa = PBXNativeTarget;
			buildConfigurationList = 870BC37C26369FBD000CD52B /* Build configuration list for PBXNativeTarget "RxWeatherApp" */;
			buildPhases = (
				A84CF18E7D1E1BA4271FD62F /* [CP] Check Pods Manifest.lock */,
				870BC36426369FBB000CD52B /* Sources */,
				870BC36526369FBB000CD52B /* Frameworks */,
				870BC36626369FBB000CD52B /* Resources */,
				978A338960A07B5621EA9071 /* [CP] Embed Pods Frameworks */,
				870BC38B2636A13A000CD52B /* SwiftLint */,
			);
			buildRules = (
			);
			dependencies = (
			);
			name = RxWeatherApp;
			productName = RxWeatherApp;
			productReference = 870BC36826369FBB000CD52B /* RxWeatherApp.app */;
			productType = "com.apple.product-type.application";
		};
/* End PBXNativeTarget section */

/* Begin PBXProject section */
		870BC36026369FBB000CD52B /* Project object */ = {
			isa = PBXProject;
			attributes = {
				LastSwiftUpdateCheck = 1240;
				LastUpgradeCheck = 1240;
				TargetAttributes = {
					870BC36726369FBB000CD52B = {
						CreatedOnToolsVersion = 12.4;
					};
				};
			};
			buildConfigurationList = 870BC36326369FBB000CD52B /* Build configuration list for PBXProject "RxWeatherApp" */;
			compatibilityVersion = "Xcode 9.3";
			developmentRegion = en;
			hasScannedForEncodings = 0;
			knownRegions = (
				en,
				Base,
			);
			mainGroup = 870BC35F26369FBB000CD52B;
			productRefGroup = 870BC36926369FBB000CD52B /* Products */;
			projectDirPath = "";
			projectRoot = "";
			targets = (
				870BC36726369FBB000CD52B /* RxWeatherApp */,
			);
		};
/* End PBXProject section */

/* Begin PBXResourcesBuildPhase section */
		870BC36626369FBB000CD52B /* Resources */ = {
			isa = PBXResourcesBuildPhase;
			buildActionMask = 2147483647;
			files = (
				870BC3932636A17C000CD52B /* .swiftlint.yml in Resources */,
				870BC37826369FBD000CD52B /* LaunchScreen.storyboard in Resources */,
				870BC37526369FBD000CD52B /* Assets.xcassets in Resources */,
				87653F03263AE62300A3FFE4 /* Main.storyboard in Resources */,
			);
			runOnlyForDeploymentPostprocessing = 0;
		};
/* End PBXResourcesBuildPhase section */

/* Begin PBXShellScriptBuildPhase section */
		870BC38B2636A13A000CD52B /* SwiftLint */ = {
			isa = PBXShellScriptBuildPhase;
			buildActionMask = 2147483647;
			files = (
			);
			inputFileListPaths = (
			);
			inputPaths = (
			);
			name = SwiftLint;
			outputFileListPaths = (
			);
			outputPaths = (
			);
			runOnlyForDeploymentPostprocessing = 0;
			shellPath = /bin/sh;
			shellScript = "${PODS_ROOT}/SwiftLint/swiftlint autocorrect\n";
		};
		978A338960A07B5621EA9071 /* [CP] Embed Pods Frameworks */ = {
			isa = PBXShellScriptBuildPhase;
			buildActionMask = 2147483647;
			files = (
			);
			inputFileListPaths = (
				"${PODS_ROOT}/Target Support Files/Pods-RxWeatherApp/Pods-RxWeatherApp-frameworks-${CONFIGURATION}-input-files.xcfilelist",
			);
			name = "[CP] Embed Pods Frameworks";
			outputFileListPaths = (
				"${PODS_ROOT}/Target Support Files/Pods-RxWeatherApp/Pods-RxWeatherApp-frameworks-${CONFIGURATION}-output-files.xcfilelist",
			);
			runOnlyForDeploymentPostprocessing = 0;
			shellPath = /bin/sh;
			shellScript = "\"${PODS_ROOT}/Target Support Files/Pods-RxWeatherApp/Pods-RxWeatherApp-frameworks.sh\"\n";
			showEnvVarsInLog = 0;
		};
		A84CF18E7D1E1BA4271FD62F /* [CP] Check Pods Manifest.lock */ = {
			isa = PBXShellScriptBuildPhase;
			buildActionMask = 2147483647;
			files = (
			);
			inputFileListPaths = (
			);
			inputPaths = (
				"${PODS_PODFILE_DIR_PATH}/Podfile.lock",
				"${PODS_ROOT}/Manifest.lock",
			);
			name = "[CP] Check Pods Manifest.lock";
			outputFileListPaths = (
			);
			outputPaths = (
				"$(DERIVED_FILE_DIR)/Pods-RxWeatherApp-checkManifestLockResult.txt",
			);
			runOnlyForDeploymentPostprocessing = 0;
			shellPath = /bin/sh;
			shellScript = "diff \"${PODS_PODFILE_DIR_PATH}/Podfile.lock\" \"${PODS_ROOT}/Manifest.lock\" > /dev/null\nif [ $? != 0 ] ; then\n    # print error to STDERR\n    echo \"error: The sandbox is not in sync with the Podfile.lock. Run 'pod install' or update your CocoaPods installation.\" >&2\n    exit 1\nfi\n# This output is used by Xcode 'outputs' to avoid re-running this script phase.\necho \"SUCCESS\" > \"${SCRIPT_OUTPUT_FILE_0}\"\n";
			showEnvVarsInLog = 0;
		};
/* End PBXShellScriptBuildPhase section */

/* Begin PBXSourcesBuildPhase section */
		870BC36426369FBB000CD52B /* Sources */ = {
			isa = PBXSourcesBuildPhase;
			buildActionMask = 2147483647;
			files = (
				87CFA3862639223E00D438D4 /* MainViewController.swift in Sources */,
				870BC36C26369FBB000CD52B /* AppDelegate.swift in Sources */,
				87CFA38C26392C0000D438D4 /* OpenWeatherService.swift in Sources */,
				87653F08263AFE0700A3FFE4 /* Extensions.swift in Sources */,
				87CFA38A2639281700D438D4 /* OpenWeatherData.swift in Sources */,
				870BC36E26369FBB000CD52B /* SceneDelegate.swift in Sources */,
				87CFA38E26394F8B00D438D4 /* MainViewModel.swift in Sources */,
				87653F0A263EE64B00A3FFE4 /* Secret.swift in Sources */,
				87653F05263AF05300A3FFE4 /* WeatherInfo.swift in Sources */,
			);
			runOnlyForDeploymentPostprocessing = 0;
		};
/* End PBXSourcesBuildPhase section */

/* Begin PBXVariantGroup section */
		870BC37626369FBD000CD52B /* LaunchScreen.storyboard */ = {
			isa = PBXVariantGroup;
			children = (
				870BC37726369FBD000CD52B /* Base */,
			);
			name = LaunchScreen.storyboard;
			sourceTree = "<group>";
		};
/* End PBXVariantGroup section */

/* Begin XCBuildConfiguration section */
		870BC37A26369FBD000CD52B /* Debug */ = {
			isa = XCBuildConfiguration;
			buildSettings = {
				ALWAYS_SEARCH_USER_PATHS = NO;
				CLANG_ANALYZER_NONNULL = YES;
				CLANG_ANALYZER_NUMBER_OBJECT_CONVERSION = YES_AGGRESSIVE;
				CLANG_CXX_LANGUAGE_STANDARD = "gnu++14";
				CLANG_CXX_LIBRARY = "libc++";
				CLANG_ENABLE_MODULES = YES;
				CLANG_ENABLE_OBJC_ARC = YES;
				CLANG_ENABLE_OBJC_WEAK = YES;
				CLANG_WARN_BLOCK_CAPTURE_AUTORELEASING = YES;
				CLANG_WARN_BOOL_CONVERSION = YES;
				CLANG_WARN_COMMA = YES;
				CLANG_WARN_CONSTANT_CONVERSION = YES;
				CLANG_WARN_DEPRECATED_OBJC_IMPLEMENTATIONS = YES;
				CLANG_WARN_DIRECT_OBJC_ISA_USAGE = YES_ERROR;
				CLANG_WARN_DOCUMENTATION_COMMENTS = YES;
				CLANG_WARN_EMPTY_BODY = YES;
				CLANG_WARN_ENUM_CONVERSION = YES;
				CLANG_WARN_INFINITE_RECURSION = YES;
				CLANG_WARN_INT_CONVERSION = YES;
				CLANG_WARN_NON_LITERAL_NULL_CONVERSION = YES;
				CLANG_WARN_OBJC_IMPLICIT_RETAIN_SELF = YES;
				CLANG_WARN_OBJC_LITERAL_CONVERSION = YES;
				CLANG_WARN_OBJC_ROOT_CLASS = YES_ERROR;
				CLANG_WARN_QUOTED_INCLUDE_IN_FRAMEWORK_HEADER = YES;
				CLANG_WARN_RANGE_LOOP_ANALYSIS = YES;
				CLANG_WARN_STRICT_PROTOTYPES = YES;
				CLANG_WARN_SUSPICIOUS_MOVE = YES;
				CLANG_WARN_UNGUARDED_AVAILABILITY = YES_AGGRESSIVE;
				CLANG_WARN_UNREACHABLE_CODE = YES;
				CLANG_WARN__DUPLICATE_METHOD_MATCH = YES;
				COPY_PHASE_STRIP = NO;
				DEBUG_INFORMATION_FORMAT = dwarf;
				ENABLE_STRICT_OBJC_MSGSEND = YES;
				ENABLE_TESTABILITY = YES;
				GCC_C_LANGUAGE_STANDARD = gnu11;
				GCC_DYNAMIC_NO_PIC = NO;
				GCC_NO_COMMON_BLOCKS = YES;
				GCC_OPTIMIZATION_LEVEL = 0;
				GCC_PREPROCESSOR_DEFINITIONS = (
					"DEBUG=1",
					"$(inherited)",
				);
				GCC_WARN_64_TO_32_BIT_CONVERSION = YES;
				GCC_WARN_ABOUT_RETURN_TYPE = YES_ERROR;
				GCC_WARN_UNDECLARED_SELECTOR = YES;
				GCC_WARN_UNINITIALIZED_AUTOS = YES_AGGRESSIVE;
				GCC_WARN_UNUSED_FUNCTION = YES;
				GCC_WARN_UNUSED_VARIABLE = YES;
				IPHONEOS_DEPLOYMENT_TARGET = 14.4;
				MTL_ENABLE_DEBUG_INFO = INCLUDE_SOURCE;
				MTL_FAST_MATH = YES;
				ONLY_ACTIVE_ARCH = YES;
				SDKROOT = iphoneos;
				SWIFT_ACTIVE_COMPILATION_CONDITIONS = DEBUG;
				SWIFT_OPTIMIZATION_LEVEL = "-Onone";
			};
			name = Debug;
		};
		870BC37B26369FBD000CD52B /* Release */ = {
			isa = XCBuildConfiguration;
			buildSettings = {
				ALWAYS_SEARCH_USER_PATHS = NO;
				CLANG_ANALYZER_NONNULL = YES;
				CLANG_ANALYZER_NUMBER_OBJECT_CONVERSION = YES_AGGRESSIVE;
				CLANG_CXX_LANGUAGE_STANDARD = "gnu++14";
				CLANG_CXX_LIBRARY = "libc++";
				CLANG_ENABLE_MODULES = YES;
				CLANG_ENABLE_OBJC_ARC = YES;
				CLANG_ENABLE_OBJC_WEAK = YES;
				CLANG_WARN_BLOCK_CAPTURE_AUTORELEASING = YES;
				CLANG_WARN_BOOL_CONVERSION = YES;
				CLANG_WARN_COMMA = YES;
				CLANG_WARN_CONSTANT_CONVERSION = YES;
				CLANG_WARN_DEPRECATED_OBJC_IMPLEMENTATIONS = YES;
				CLANG_WARN_DIRECT_OBJC_ISA_USAGE = YES_ERROR;
				CLANG_WARN_DOCUMENTATION_COMMENTS = YES;
				CLANG_WARN_EMPTY_BODY = YES;
				CLANG_WARN_ENUM_CONVERSION = YES;
				CLANG_WARN_INFINITE_RECURSION = YES;
				CLANG_WARN_INT_CONVERSION = YES;
				CLANG_WARN_NON_LITERAL_NULL_CONVERSION = YES;
				CLANG_WARN_OBJC_IMPLICIT_RETAIN_SELF = YES;
				CLANG_WARN_OBJC_LITERAL_CONVERSION = YES;
				CLANG_WARN_OBJC_ROOT_CLASS = YES_ERROR;
				CLANG_WARN_QUOTED_INCLUDE_IN_FRAMEWORK_HEADER = YES;
				CLANG_WARN_RANGE_LOOP_ANALYSIS = YES;
				CLANG_WARN_STRICT_PROTOTYPES = YES;
				CLANG_WARN_SUSPICIOUS_MOVE = YES;
				CLANG_WARN_UNGUARDED_AVAILABILITY = YES_AGGRESSIVE;
				CLANG_WARN_UNREACHABLE_CODE = YES;
				CLANG_WARN__DUPLICATE_METHOD_MATCH = YES;
				COPY_PHASE_STRIP = NO;
				DEBUG_INFORMATION_FORMAT = "dwarf-with-dsym";
				ENABLE_NS_ASSERTIONS = NO;
				ENABLE_STRICT_OBJC_MSGSEND = YES;
				GCC_C_LANGUAGE_STANDARD = gnu11;
				GCC_NO_COMMON_BLOCKS = YES;
				GCC_WARN_64_TO_32_BIT_CONVERSION = YES;
				GCC_WARN_ABOUT_RETURN_TYPE = YES_ERROR;
				GCC_WARN_UNDECLARED_SELECTOR = YES;
				GCC_WARN_UNINITIALIZED_AUTOS = YES_AGGRESSIVE;
				GCC_WARN_UNUSED_FUNCTION = YES;
				GCC_WARN_UNUSED_VARIABLE = YES;
				IPHONEOS_DEPLOYMENT_TARGET = 14.4;
				MTL_ENABLE_DEBUG_INFO = NO;
				MTL_FAST_MATH = YES;
				SDKROOT = iphoneos;
				SWIFT_COMPILATION_MODE = wholemodule;
				SWIFT_OPTIMIZATION_LEVEL = "-O";
				VALIDATE_PRODUCT = YES;
			};
			name = Release;
		};
		870BC37D26369FBD000CD52B /* Debug */ = {
			isa = XCBuildConfiguration;
			baseConfigurationReference = F48447577EE9494243046870 /* Pods-RxWeatherApp.debug.xcconfig */;
			buildSettings = {
				ASSETCATALOG_COMPILER_APPICON_NAME = AppIcon;
				ASSETCATALOG_COMPILER_GLOBAL_ACCENT_COLOR_NAME = AccentColor;
				CODE_SIGN_STYLE = Automatic;
				DEVELOPMENT_TEAM = F95C5R6HLY;
				INFOPLIST_FILE = RxWeatherApp/Info.plist;
				LD_RUNPATH_SEARCH_PATHS = (
					"$(inherited)",
					"@executable_path/Frameworks",
				);
				PRODUCT_BUNDLE_IDENTIFIER = dev.jiwon.RxWeatherApp;
				PRODUCT_NAME = "$(TARGET_NAME)";
				SWIFT_VERSION = 5.0;
				TARGETED_DEVICE_FAMILY = "1,2";
			};
			name = Debug;
		};
		870BC37E26369FBD000CD52B /* Release */ = {
			isa = XCBuildConfiguration;
			baseConfigurationReference = A49E3D4381408BBFA67F8C72 /* Pods-RxWeatherApp.release.xcconfig */;
			buildSettings = {
				ASSETCATALOG_COMPILER_APPICON_NAME = AppIcon;
				ASSETCATALOG_COMPILER_GLOBAL_ACCENT_COLOR_NAME = AccentColor;
				CODE_SIGN_STYLE = Automatic;
				DEVELOPMENT_TEAM = F95C5R6HLY;
				INFOPLIST_FILE = RxWeatherApp/Info.plist;
				LD_RUNPATH_SEARCH_PATHS = (
					"$(inherited)",
					"@executable_path/Frameworks",
				);
				PRODUCT_BUNDLE_IDENTIFIER = dev.jiwon.RxWeatherApp;
				PRODUCT_NAME = "$(TARGET_NAME)";
				SWIFT_VERSION = 5.0;
				TARGETED_DEVICE_FAMILY = "1,2";
			};
			name = Release;
		};
/* End XCBuildConfiguration section */

/* Begin XCConfigurationList section */
		870BC36326369FBB000CD52B /* Build configuration list for PBXProject "RxWeatherApp" */ = {
			isa = XCConfigurationList;
			buildConfigurations = (
				870BC37A26369FBD000CD52B /* Debug */,
				870BC37B26369FBD000CD52B /* Release */,
			);
			defaultConfigurationIsVisible = 0;
			defaultConfigurationName = Release;
		};
		870BC37C26369FBD000CD52B /* Build configuration list for PBXNativeTarget "RxWeatherApp" */ = {
			isa = XCConfigurationList;
			buildConfigurations = (
				870BC37D26369FBD000CD52B /* Debug */,
				870BC37E26369FBD000CD52B /* Release */,
			);
			defaultConfigurationIsVisible = 0;
			defaultConfigurationName = Release;
		};
/* End XCConfigurationList section */
	};
	rootObject = 870BC36026369FBB000CD52B /* Project object */;
}
